
Microsoft Visual Studio Solution File, Format Version 12.00
# Visual Studio Version 16
VisualStudioVersion = 16.0.32228.343
MinimumVisualStudioVersion = 10.0.40219.1
Project("{9A19103F-16F7-4668-BE54-9A1E7A4F7556}") = "Matchmaking", "Matchmaking.csproj", "{02ED2FC1-7E89-4AA2-96B9-C79181453277}"
EndProject
Global
	GlobalSection(SolutionConfigurationPlatforms) = preSolution
		Debug|Any CPU = Debug|Any CPU
		Release|Any CPU = Release|Any CPU
	EndGlobalSection
	GlobalSection(ProjectConfigurationPlatforms) = postSolution
		{02ED2FC1-7E89-4AA2-96B9-C79181453277}.Debug|Any CPU.ActiveCfg = Debug|Any CPU
		{02ED2FC1-7E89-4AA2-96B9-C79181453277}.Debug|Any CPU.Build.0 = Debug|Any CPU
		{02ED2FC1-7E89-4AA2-96B9-C79181453277}.Release|Any CPU.ActiveCfg = Release|Any CPU
		{02ED2FC1-7E89-4AA2-96B9-C79181453277}.Release|Any CPU.Build.0 = Release|Any CPU
	EndGlobalSection
	GlobalSection(SolutionProperties) = preSolution
		HideSolutionNode = FALSE
	EndGlobalSection
	GlobalSection(ExtensibilityGlobals) = postSolution
		SolutionGuid = {1D14BEE0-9225-40F9-B668-D7F50763E3D6}
	EndGlobalSection
EndGlobal
